
Microsoft Visual Studio Solution File, Format Version 12.00
# Visual Studio 14
VisualStudioVersion = 14.0.22609.0
MinimumVisualStudioVersion = 10.0.40219.1
Project("{FAE04EC0-301F-11D3-BF4B-00C04F79EFBC}") = "WebJobs", "WebJobs\WebJobs.csproj", "{B7B76BD5-3443-4262-B4CD-C9C2F2A0EA60}"
EndProject
Project("{2150E333-8FDC-42A3-9474-1A3956D46DE8}") = ".nuget", ".nuget", "{140667C0-8C98-49A0-AC0B-1C7ABC01967A}"
	ProjectSection(SolutionItems) = preProject
		.nuget\packages.config = .nuget\packages.config
	EndProjectSection
EndProject
Project("{2150E333-8FDC-42A3-9474-1A3956D46DE8}") = "PublishScripts", "PublishScripts", "{25407DF1-B83D-478D-8559-835B95F48A11}"
	ProjectSection(SolutionItems) = preProject
		PublishScripts\AzureWebsitePublishModule.psm1 = PublishScripts\AzureWebsitePublishModule.psm1
		PublishScripts\Publish-WebApplicationWebsite.ps1 = PublishScripts\Publish-WebApplicationWebsite.ps1
	EndProjectSection
EndProject
Project("{2150E333-8FDC-42A3-9474-1A3956D46DE8}") = "Configurations", "Configurations", "{1709D675-A673-47B3-8B3B-D4BEC8670F27}"
	ProjectSection(SolutionItems) = preProject
		PublishScripts\Configurations\Web-WAWS-dev-2.json = PublishScripts\Configurations\Web-WAWS-dev-2.json
		PublishScripts\Configurations\Web-WAWS-dev.json = PublishScripts\Configurations\Web-WAWS-dev.json
		PublishScripts\Configurations\WebJobs-WAWS-dev.json = PublishScripts\Configurations\WebJobs-WAWS-dev.json
	EndProjectSection
EndProject
Project("{FAE04EC0-301F-11D3-BF4B-00C04F79EFBC}") = "Domain", "Domain\Domain.csproj", "{44BC5F79-0C25-4E9A-B076-BB9E039C4C75}"
EndProject
Project("{FAE04EC0-301F-11D3-BF4B-00C04F79EFBC}") = "SuperNovabots", "SuperNovabots\SuperNovabots.csproj", "{D8637271-4C41-4AF8-945A-45A66F26CE03}"
EndProject
Project("{FAE04EC0-301F-11D3-BF4B-00C04F79EFBC}") = "ConsoleApplication1", "ConsoleApplication1\ConsoleApplication1.csproj", "{87AE4449-F238-4C5E-9E1A-170E5E5C5FA3}"
EndProject
Project("{FAE04EC0-301F-11D3-BF4B-00C04F79EFBC}") = "Infrastructure", "Infrastructure\Infrastructure.csproj", "{8A807901-E3AB-41C1-ADA7-0F2CEF05D578}"
EndProject
Project("{2150E333-8FDC-42A3-9474-1A3956D46DE8}") = "Jobs", "Jobs", "{6C9BFDCA-B180-40D8-9359-FB302D83C0ED}"
EndProject
Project("{FAE04EC0-301F-11D3-BF4B-00C04F79EFBC}") = "TestProgram", "TestProgram\TestProgram.csproj", "{D806384F-F3F5-4D01-BB51-87768991F9EC}"
EndProject
Project("{FAE04EC0-301F-11D3-BF4B-00C04F79EFBC}") = "Parent", "Parent\Parent.csproj", "{2A879986-C8EC-405B-BDF2-5334FAFF09D2}"
EndProject
Project("{FAE04EC0-301F-11D3-BF4B-00C04F79EFBC}") = "Child", "Child\Child.csproj", "{7D5F2759-F601-4C98-8974-67097BD6E2F9}"
EndProject
Project("{FAE04EC0-301F-11D3-BF4B-00C04F79EFBC}") = "ContinuousChild", "ContinuousChild\ContinuousChild.csproj", "{0D7F146B-6E15-47CD-9472-EB924D73A690}"
EndProject
Project("{FAE04EC0-301F-11D3-BF4B-00C04F79EFBC}") = "ParseSuperNovaCards", "ParseSuperNovaCards\ParseSuperNovaCards.csproj", "{10CDEC41-C653-417E-A6AD-171BEA1A2C7F}"
EndProject
Global
	GlobalSection(SolutionConfigurationPlatforms) = preSolution
		Debug|Any CPU = Debug|Any CPU
		Release|Any CPU = Release|Any CPU
	EndGlobalSection
	GlobalSection(ProjectConfigurationPlatforms) = postSolution
		{B7B76BD5-3443-4262-B4CD-C9C2F2A0EA60}.Debug|Any CPU.ActiveCfg = Debug|Any CPU
		{B7B76BD5-3443-4262-B4CD-C9C2F2A0EA60}.Debug|Any CPU.Build.0 = Debug|Any CPU
		{B7B76BD5-3443-4262-B4CD-C9C2F2A0EA60}.Release|Any CPU.ActiveCfg = Release|Any CPU
		{B7B76BD5-3443-4262-B4CD-C9C2F2A0EA60}.Release|Any CPU.Build.0 = Release|Any CPU
		{44BC5F79-0C25-4E9A-B076-BB9E039C4C75}.Debug|Any CPU.ActiveCfg = Debug|Any CPU
		{44BC5F79-0C25-4E9A-B076-BB9E039C4C75}.Debug|Any CPU.Build.0 = Debug|Any CPU
		{44BC5F79-0C25-4E9A-B076-BB9E039C4C75}.Release|Any CPU.ActiveCfg = Release|Any CPU
		{44BC5F79-0C25-4E9A-B076-BB9E039C4C75}.Release|Any CPU.Build.0 = Release|Any CPU
		{D8637271-4C41-4AF8-945A-45A66F26CE03}.Debug|Any CPU.ActiveCfg = Debug|Any CPU
		{D8637271-4C41-4AF8-945A-45A66F26CE03}.Debug|Any CPU.Build.0 = Debug|Any CPU
		{D8637271-4C41-4AF8-945A-45A66F26CE03}.Release|Any CPU.ActiveCfg = Release|Any CPU
		{D8637271-4C41-4AF8-945A-45A66F26CE03}.Release|Any CPU.Build.0 = Release|Any CPU
		{87AE4449-F238-4C5E-9E1A-170E5E5C5FA3}.Debug|Any CPU.ActiveCfg = Debug|Any CPU
		{87AE4449-F238-4C5E-9E1A-170E5E5C5FA3}.Debug|Any CPU.Build.0 = Debug|Any CPU
		{87AE4449-F238-4C5E-9E1A-170E5E5C5FA3}.Release|Any CPU.ActiveCfg = Release|Any CPU
		{87AE4449-F238-4C5E-9E1A-170E5E5C5FA3}.Release|Any CPU.Build.0 = Release|Any CPU
		{8A807901-E3AB-41C1-ADA7-0F2CEF05D578}.Debug|Any CPU.ActiveCfg = Debug|Any CPU
		{8A807901-E3AB-41C1-ADA7-0F2CEF05D578}.Debug|Any CPU.Build.0 = Debug|Any CPU
		{8A807901-E3AB-41C1-ADA7-0F2CEF05D578}.Release|Any CPU.ActiveCfg = Release|Any CPU
		{8A807901-E3AB-41C1-ADA7-0F2CEF05D578}.Release|Any CPU.Build.0 = Release|Any CPU
		{D806384F-F3F5-4D01-BB51-87768991F9EC}.Debug|Any CPU.ActiveCfg = Debug|Any CPU
		{D806384F-F3F5-4D01-BB51-87768991F9EC}.Debug|Any CPU.Build.0 = Debug|Any CPU
		{D806384F-F3F5-4D01-BB51-87768991F9EC}.Release|Any CPU.ActiveCfg = Release|Any CPU
		{D806384F-F3F5-4D01-BB51-87768991F9EC}.Release|Any CPU.Build.0 = Release|Any CPU
		{2A879986-C8EC-405B-BDF2-5334FAFF09D2}.Debug|Any CPU.ActiveCfg = Debug|Any CPU
		{2A879986-C8EC-405B-BDF2-5334FAFF09D2}.Debug|Any CPU.Build.0 = Debug|Any CPU
		{2A879986-C8EC-405B-BDF2-5334FAFF09D2}.Release|Any CPU.ActiveCfg = Release|Any CPU
		{2A879986-C8EC-405B-BDF2-5334FAFF09D2}.Release|Any CPU.Build.0 = Release|Any CPU
		{7D5F2759-F601-4C98-8974-67097BD6E2F9}.Debug|Any CPU.ActiveCfg = Debug|Any CPU
		{7D5F2759-F601-4C98-8974-67097BD6E2F9}.Debug|Any CPU.Build.0 = Debug|Any CPU
		{7D5F2759-F601-4C98-8974-67097BD6E2F9}.Release|Any CPU.ActiveCfg = Release|Any CPU
		{7D5F2759-F601-4C98-8974-67097BD6E2F9}.Release|Any CPU.Build.0 = Release|Any CPU
		{0D7F146B-6E15-47CD-9472-EB924D73A690}.Debug|Any CPU.ActiveCfg = Debug|Any CPU
		{0D7F146B-6E15-47CD-9472-EB924D73A690}.Debug|Any CPU.Build.0 = Debug|Any CPU
		{0D7F146B-6E15-47CD-9472-EB924D73A690}.Release|Any CPU.ActiveCfg = Release|Any CPU
		{0D7F146B-6E15-47CD-9472-EB924D73A690}.Release|Any CPU.Build.0 = Release|Any CPU
		{10CDEC41-C653-417E-A6AD-171BEA1A2C7F}.Debug|Any CPU.ActiveCfg = Debug|Any CPU
		{10CDEC41-C653-417E-A6AD-171BEA1A2C7F}.Debug|Any CPU.Build.0 = Debug|Any CPU
		{10CDEC41-C653-417E-A6AD-171BEA1A2C7F}.Release|Any CPU.ActiveCfg = Release|Any CPU
		{10CDEC41-C653-417E-A6AD-171BEA1A2C7F}.Release|Any CPU.Build.0 = Release|Any CPU
	EndGlobalSection
	GlobalSection(SolutionProperties) = preSolution
		HideSolutionNode = FALSE
	EndGlobalSection
	GlobalSection(NestedProjects) = preSolution
		{1709D675-A673-47B3-8B3B-D4BEC8670F27} = {25407DF1-B83D-478D-8559-835B95F48A11}
		{D8637271-4C41-4AF8-945A-45A66F26CE03} = {6C9BFDCA-B180-40D8-9359-FB302D83C0ED}
		{D806384F-F3F5-4D01-BB51-87768991F9EC} = {6C9BFDCA-B180-40D8-9359-FB302D83C0ED}
		{10CDEC41-C653-417E-A6AD-171BEA1A2C7F} = {6C9BFDCA-B180-40D8-9359-FB302D83C0ED}
	EndGlobalSection
EndGlobal
